// !$*UTF8*$!
{
	archiveVersion = 1;
	classes = {
	};
	objectVersion = 51;
	objects = {

/* Begin PBXBuildFile section */
		2735BADC237D96E000EFA304 /* AppDelegate.swift in Sources */ = {isa = PBXBuildFile; fileRef = 2735BADB237D96E000EFA304 /* AppDelegate.swift */; };
		2735BADE237D96E000EFA304 /* SceneDelegate.swift in Sources */ = {isa = PBXBuildFile; fileRef = 2735BADD237D96E000EFA304 /* SceneDelegate.swift */; };
		2735BAE0237D96E000EFA304 /* ViewController.swift in Sources */ = {isa = PBXBuildFile; fileRef = 2735BADF237D96E000EFA304 /* ViewController.swift */; };
		2735BAE3237D96E100EFA304 /* Main.storyboard in Resources */ = {isa = PBXBuildFile; fileRef = 2735BAE1237D96E100EFA304 /* Main.storyboard */; };
		2735BAE5237D96E700EFA304 /* Assets.xcassets in Resources */ = {isa = PBXBuildFile; fileRef = 2735BAE4237D96E700EFA304 /* Assets.xcassets */; };
		2735BAE8237D96E700EFA304 /* LaunchScreen.storyboard in Resources */ = {isa = PBXBuildFile; fileRef = 2735BAE6237D96E700EFA304 /* LaunchScreen.storyboard */; };
		2735BAF0237D986B00EFA304 /* Constants.swift in Sources */ = {isa = PBXBuildFile; fileRef = 2735BAEF237D986B00EFA304 /* Constants.swift */; };
		2788F230237DFBA4009C4926 /* FoursquareManager.swift in Sources */ = {isa = PBXBuildFile; fileRef = 2788F22F237DFBA4009C4926 /* FoursquareManager.swift */; };
		2788F232237EFB16009C4926 /* VenueData.swift in Sources */ = {isa = PBXBuildFile; fileRef = 2788F231237EFB16009C4926 /* VenueData.swift */; };
		47FEA113EC70A84087FB02F3 /* Pods_FSQ_iOS.framework in Frameworks */ = {isa = PBXBuildFile; fileRef = BD3D59D65CC559C9341C6E2C /* Pods_FSQ_iOS.framework */; };
/* End PBXBuildFile section */

/* Begin PBXFileReference section */
		2735BAD8237D96E000EFA304 /* FSQ-iOS.app */ = {isa = PBXFileReference; explicitFileType = wrapper.application; includeInIndex = 0; path = "FSQ-iOS.app"; sourceTree = BUILT_PRODUCTS_DIR; };
		2735BADB237D96E000EFA304 /* AppDelegate.swift */ = {isa = PBXFileReference; lastKnownFileType = sourcecode.swift; path = AppDelegate.swift; sourceTree = "<group>"; };
		2735BADD237D96E000EFA304 /* SceneDelegate.swift */ = {isa = PBXFileReference; lastKnownFileType = sourcecode.swift; path = SceneDelegate.swift; sourceTree = "<group>"; };
		2735BADF237D96E000EFA304 /* ViewController.swift */ = {isa = PBXFileReference; lastKnownFileType = sourcecode.swift; path = ViewController.swift; sourceTree = "<group>"; };
		2735BAE2237D96E100EFA304 /* Base */ = {isa = PBXFileReference; lastKnownFileType = file.storyboard; name = Base; path = Base.lproj/Main.storyboard; sourceTree = "<group>"; };
		2735BAE4237D96E700EFA304 /* Assets.xcassets */ = {isa = PBXFileReference; lastKnownFileType = folder.assetcatalog; path = Assets.xcassets; sourceTree = "<group>"; };
		2735BAE7237D96E700EFA304 /* Base */ = {isa = PBXFileReference; lastKnownFileType = file.storyboard; name = Base; path = Base.lproj/LaunchScreen.storyboard; sourceTree = "<group>"; };
		2735BAE9237D96E700EFA304 /* Info.plist */ = {isa = PBXFileReference; lastKnownFileType = text.plist.xml; path = Info.plist; sourceTree = "<group>"; };
		2735BAEF237D986B00EFA304 /* Constants.swift */ = {isa = PBXFileReference; lastKnownFileType = sourcecode.swift; path = Constants.swift; sourceTree = "<group>"; };
		2788F22F237DFBA4009C4926 /* FoursquareManager.swift */ = {isa = PBXFileReference; lastKnownFileType = sourcecode.swift; path = FoursquareManager.swift; sourceTree = "<group>"; };
		2788F231237EFB16009C4926 /* VenueData.swift */ = {isa = PBXFileReference; lastKnownFileType = sourcecode.swift; path = VenueData.swift; sourceTree = "<group>"; };
		2A3D129B2608E0D3E99584C5 /* Pods-FSQ-iOS.release.xcconfig */ = {isa = PBXFileReference; includeInIndex = 1; lastKnownFileType = text.xcconfig; name = "Pods-FSQ-iOS.release.xcconfig"; path = "Target Support Files/Pods-FSQ-iOS/Pods-FSQ-iOS.release.xcconfig"; sourceTree = "<group>"; };
		93F656FEDD1F3138C5D70BF7 /* Pods-FSQ-iOS.debug.xcconfig */ = {isa = PBXFileReference; includeInIndex = 1; lastKnownFileType = text.xcconfig; name = "Pods-FSQ-iOS.debug.xcconfig"; path = "Target Support Files/Pods-FSQ-iOS/Pods-FSQ-iOS.debug.xcconfig"; sourceTree = "<group>"; };
		BD3D59D65CC559C9341C6E2C /* Pods_FSQ_iOS.framework */ = {isa = PBXFileReference; explicitFileType = wrapper.framework; includeInIndex = 0; path = Pods_FSQ_iOS.framework; sourceTree = BUILT_PRODUCTS_DIR; };
/* End PBXFileReference section */

/* Begin PBXFrameworksBuildPhase section */
		2735BAD5237D96E000EFA304 /* Frameworks */ = {
			isa = PBXFrameworksBuildPhase;
			buildActionMask = 2147483647;
			files = (
				47FEA113EC70A84087FB02F3 /* Pods_FSQ_iOS.framework in Frameworks */,
			);
			runOnlyForDeploymentPostprocessing = 0;
		};
/* End PBXFrameworksBuildPhase section */

/* Begin PBXGroup section */
		2735BACF237D96E000EFA304 = {
			isa = PBXGroup;
			children = (
				2735BADA237D96E000EFA304 /* FSQ-iOS */,
				2735BAD9237D96E000EFA304 /* Products */,
				89875B54D0BB1ED9BE591A28 /* Pods */,
				C2237DB815F80A873EDCB966 /* Frameworks */,
			);
			sourceTree = "<group>";
		};
		2735BAD9237D96E000EFA304 /* Products */ = {
			isa = PBXGroup;
			children = (
				2735BAD8237D96E000EFA304 /* FSQ-iOS.app */,
			);
			name = Products;
			sourceTree = "<group>";
		};
		2735BADA237D96E000EFA304 /* FSQ-iOS */ = {
			isa = PBXGroup;
			children = (
				2788F22C237DF9A5009C4926 /* Model */,
				2788F22D237DF9B2009C4926 /* View */,
				2788F22E237DF9BC009C4926 /* Controller */,
				2735BADB237D96E000EFA304 /* AppDelegate.swift */,
				2735BADD237D96E000EFA304 /* SceneDelegate.swift */,
				2735BAE4237D96E700EFA304 /* Assets.xcassets */,
				2735BAE6237D96E700EFA304 /* LaunchScreen.storyboard */,
				2735BAE9237D96E700EFA304 /* Info.plist */,
				2735BAEF237D986B00EFA304 /* Constants.swift */,
			);
			path = "FSQ-iOS";
			sourceTree = "<group>";
		};
		2788F22C237DF9A5009C4926 /* Model */ = {
			isa = PBXGroup;
			children = (
				2788F22F237DFBA4009C4926 /* FoursquareManager.swift */,
				2788F231237EFB16009C4926 /* VenueData.swift */,
			);
			path = Model;
			sourceTree = "<group>";
		};
		2788F22D237DF9B2009C4926 /* View */ = {
			isa = PBXGroup;
			children = (
				2735BAE1237D96E100EFA304 /* Main.storyboard */,
			);
			path = View;
			sourceTree = "<group>";
		};
		2788F22E237DF9BC009C4926 /* Controller */ = {
			isa = PBXGroup;
			children = (
				2735BADF237D96E000EFA304 /* ViewController.swift */,
			);
			path = Controller;
			sourceTree = "<group>";
		};
		89875B54D0BB1ED9BE591A28 /* Pods */ = {
			isa = PBXGroup;
			children = (
				93F656FEDD1F3138C5D70BF7 /* Pods-FSQ-iOS.debug.xcconfig */,
				2A3D129B2608E0D3E99584C5 /* Pods-FSQ-iOS.release.xcconfig */,
			);
			path = Pods;
			sourceTree = "<group>";
		};
		C2237DB815F80A873EDCB966 /* Frameworks */ = {
			isa = PBXGroup;
			children = (
				BD3D59D65CC559C9341C6E2C /* Pods_FSQ_iOS.framework */,
			);
			name = Frameworks;
			sourceTree = "<group>";
		};
/* End PBXGroup section */

/* Begin PBXNativeTarget section */
		2735BAD7237D96E000EFA304 /* FSQ-iOS */ = {
			isa = PBXNativeTarget;
			buildConfigurationList = 2735BAEC237D96E700EFA304 /* Build configuration list for PBXNativeTarget "FSQ-iOS" */;
			buildPhases = (
				21C97DD8F63C6967EE4B36CA /* [CP] Check Pods Manifest.lock */,
				2735BAD4237D96E000EFA304 /* Sources */,
				2735BAD5237D96E000EFA304 /* Frameworks */,
				2735BAD6237D96E000EFA304 /* Resources */,
				501BE6DCDACE1175D6DF09F3 /* [CP] Embed Pods Frameworks */,
			);
			buildRules = (
			);
			dependencies = (
			);
			name = "FSQ-iOS";
			productName = "FSQ-iOS";
			productReference = 2735BAD8237D96E000EFA304 /* FSQ-iOS.app */;
			productType = "com.apple.product-type.application";
		};
/* End PBXNativeTarget section */

/* Begin PBXProject section */
		2735BAD0237D96E000EFA304 /* Project object */ = {
			isa = PBXProject;
			attributes = {
				LastSwiftUpdateCheck = 1110;
				LastUpgradeCheck = 1110;
				ORGANIZATIONNAME = "Kyle Wiltshire";
				TargetAttributes = {
					2735BAD7237D96E000EFA304 = {
						CreatedOnToolsVersion = 11.1;
					};
				};
			};
			buildConfigurationList = 2735BAD3237D96E000EFA304 /* Build configuration list for PBXProject "FSQ-iOS" */;
			compatibilityVersion = "Xcode 9.3";
			developmentRegion = en;
			hasScannedForEncodings = 0;
			knownRegions = (
				en,
				Base,
			);
			mainGroup = 2735BACF237D96E000EFA304;
			productRefGroup = 2735BAD9237D96E000EFA304 /* Products */;
			projectDirPath = "";
			projectRoot = "";
			targets = (
				2735BAD7237D96E000EFA304 /* FSQ-iOS */,
			);
		};
/* End PBXProject section */

/* Begin PBXResourcesBuildPhase section */
		2735BAD6237D96E000EFA304 /* Resources */ = {
			isa = PBXResourcesBuildPhase;
			buildActionMask = 2147483647;
			files = (
				2735BAE8237D96E700EFA304 /* LaunchScreen.storyboard in Resources */,
				2735BAE5237D96E700EFA304 /* Assets.xcassets in Resources */,
				2735BAE3237D96E100EFA304 /* Main.storyboard in Resources */,
			);
			runOnlyForDeploymentPostprocessing = 0;
		};
/* End PBXResourcesBuildPhase section */

/* Begin PBXShellScriptBuildPhase section */
		21C97DD8F63C6967EE4B36CA /* [CP] Check Pods Manifest.lock */ = {
			isa = PBXShellScriptBuildPhase;
			buildActionMask = 2147483647;
			files = (
			);
			inputFileListPaths = (
			);
			inputPaths = (
				"${PODS_PODFILE_DIR_PATH}/Podfile.lock",
				"${PODS_ROOT}/Manifest.lock",
			);
			name = "[CP] Check Pods Manifest.lock";
			outputFileListPaths = (
			);
			outputPaths = (
				"$(DERIVED_FILE_DIR)/Pods-FSQ-iOS-checkManifestLockResult.txt",
			);
			runOnlyForDeploymentPostprocessing = 0;
			shellPath = /bin/sh;
			shellScript = "diff \"${PODS_PODFILE_DIR_PATH}/Podfile.lock\" \"${PODS_ROOT}/Manifest.lock\" > /dev/null\nif [ $? != 0 ] ; then\n    # print error to STDERR\n    echo \"error: The sandbox is not in sync with the Podfile.lock. Run 'pod install' or update your CocoaPods installation.\" >&2\n    exit 1\nfi\n# This output is used by Xcode 'outputs' to avoid re-running this script phase.\necho \"SUCCESS\" > \"${SCRIPT_OUTPUT_FILE_0}\"\n";
			showEnvVarsInLog = 0;
		};
		501BE6DCDACE1175D6DF09F3 /* [CP] Embed Pods Frameworks */ = {
			isa = PBXShellScriptBuildPhase;
			buildActionMask = 2147483647;
			files = (
			);
			inputFileListPaths = (
				"${PODS_ROOT}/Target Support Files/Pods-FSQ-iOS/Pods-FSQ-iOS-frameworks-${CONFIGURATION}-input-files.xcfilelist",
			);
			name = "[CP] Embed Pods Frameworks";
			outputFileListPaths = (
				"${PODS_ROOT}/Target Support Files/Pods-FSQ-iOS/Pods-FSQ-iOS-frameworks-${CONFIGURATION}-output-files.xcfilelist",
			);
			runOnlyForDeploymentPostprocessing = 0;
			shellPath = /bin/sh;
			shellScript = "\"${PODS_ROOT}/Target Support Files/Pods-FSQ-iOS/Pods-FSQ-iOS-frameworks.sh\"\n";
			showEnvVarsInLog = 0;
		};
/* End PBXShellScriptBuildPhase section */

/* Begin PBXSourcesBuildPhase section */
		2735BAD4237D96E000EFA304 /* Sources */ = {
			isa = PBXSourcesBuildPhase;
			buildActionMask = 2147483647;
			files = (
				2788F230237DFBA4009C4926 /* FoursquareManager.swift in Sources */,
				2735BAE0237D96E000EFA304 /* ViewController.swift in Sources */,
				2735BADC237D96E000EFA304 /* AppDelegate.swift in Sources */,
				2788F232237EFB16009C4926 /* VenueData.swift in Sources */,
				2735BADE237D96E000EFA304 /* SceneDelegate.swift in Sources */,
				2735BAF0237D986B00EFA304 /* Constants.swift in Sources */,
			);
			runOnlyForDeploymentPostprocessing = 0;
		};
/* End PBXSourcesBuildPhase section */

/* Begin PBXVariantGroup section */
		2735BAE1237D96E100EFA304 /* Main.storyboard */ = {
			isa = PBXVariantGroup;
			children = (
				2735BAE2237D96E100EFA304 /* Base */,
			);
			name = Main.storyboard;
			sourceTree = "<group>";
		};
		2735BAE6237D96E700EFA304 /* LaunchScreen.storyboard */ = {
			isa = PBXVariantGroup;
			children = (
				2735BAE7237D96E700EFA304 /* Base */,
			);
			name = LaunchScreen.storyboard;
			sourceTree = "<group>";
		};
/* End PBXVariantGroup section */

/* Begin XCBuildConfiguration section */
		2735BAEA237D96E700EFA304 /* Debug */ = {
			isa = XCBuildConfiguration;
			buildSettings = {
				ALWAYS_SEARCH_USER_PATHS = NO;
				CLANG_ANALYZER_NONNULL = YES;
				CLANG_ANALYZER_NUMBER_OBJECT_CONVERSION = YES_AGGRESSIVE;
				CLANG_CXX_LANGUAGE_STANDARD = "gnu++14";
				CLANG_CXX_LIBRARY = "libc++";
				CLANG_ENABLE_MODULES = YES;
				CLANG_ENABLE_OBJC_ARC = YES;
				CLANG_ENABLE_OBJC_WEAK = YES;
				CLANG_WARN_BLOCK_CAPTURE_AUTORELEASING = YES;
				CLANG_WARN_BOOL_CONVERSION = YES;
				CLANG_WARN_COMMA = YES;
				CLANG_WARN_CONSTANT_CONVERSION = YES;
				CLANG_WARN_DEPRECATED_OBJC_IMPLEMENTATIONS = YES;
				CLANG_WARN_DIRECT_OBJC_ISA_USAGE = YES_ERROR;
				CLANG_WARN_DOCUMENTATION_COMMENTS = YES;
				CLANG_WARN_EMPTY_BODY = YES;
				CLANG_WARN_ENUM_CONVERSION = YES;
				CLANG_WARN_INFINITE_RECURSION = YES;
				CLANG_WARN_INT_CONVERSION = YES;
				CLANG_WARN_NON_LITERAL_NULL_CONVERSION = YES;
				CLANG_WARN_OBJC_IMPLICIT_RETAIN_SELF = YES;
				CLANG_WARN_OBJC_LITERAL_CONVERSION = YES;
				CLANG_WARN_OBJC_ROOT_CLASS = YES_ERROR;
				CLANG_WARN_RANGE_LOOP_ANALYSIS = YES;
				CLANG_WARN_STRICT_PROTOTYPES = YES;
				CLANG_WARN_SUSPICIOUS_MOVE = YES;
				CLANG_WARN_UNGUARDED_AVAILABILITY = YES_AGGRESSIVE;
				CLANG_WARN_UNREACHABLE_CODE = YES;
				CLANG_WARN__DUPLICATE_METHOD_MATCH = YES;
				COPY_PHASE_STRIP = NO;
				DEBUG_INFORMATION_FORMAT = dwarf;
				ENABLE_STRICT_OBJC_MSGSEND = YES;
				ENABLE_TESTABILITY = YES;
				GCC_C_LANGUAGE_STANDARD = gnu11;
				GCC_DYNAMIC_NO_PIC = NO;
				GCC_NO_COMMON_BLOCKS = YES;
				GCC_OPTIMIZATION_LEVEL = 0;
				GCC_PREPROCESSOR_DEFINITIONS = (
					"DEBUG=1",
					"$(inherited)",
				);
				GCC_WARN_64_TO_32_BIT_CONVERSION = YES;
				GCC_WARN_ABOUT_RETURN_TYPE = YES_ERROR;
				GCC_WARN_UNDECLARED_SELECTOR = YES;
				GCC_WARN_UNINITIALIZED_AUTOS = YES_AGGRESSIVE;
				GCC_WARN_UNUSED_FUNCTION = YES;
				GCC_WARN_UNUSED_VARIABLE = YES;
				IPHONEOS_DEPLOYMENT_TARGET = 13.1;
				MTL_ENABLE_DEBUG_INFO = INCLUDE_SOURCE;
				MTL_FAST_MATH = YES;
				ONLY_ACTIVE_ARCH = YES;
				SDKROOT = iphoneos;
				SWIFT_ACTIVE_COMPILATION_CONDITIONS = DEBUG;
				SWIFT_OPTIMIZATION_LEVEL = "-Onone";
			};
			name = Debug;
		};
		2735BAEB237D96E700EFA304 /* Release */ = {
			isa = XCBuildConfiguration;
			buildSettings = {
				ALWAYS_SEARCH_USER_PATHS = NO;
				CLANG_ANALYZER_NONNULL = YES;
				CLANG_ANALYZER_NUMBER_OBJECT_CONVERSION = YES_AGGRESSIVE;
				CLANG_CXX_LANGUAGE_STANDARD = "gnu++14";
				CLANG_CXX_LIBRARY = "libc++";
				CLANG_ENABLE_MODULES = YES;
				CLANG_ENABLE_OBJC_ARC = YES;
				CLANG_ENABLE_OBJC_WEAK = YES;
				CLANG_WARN_BLOCK_CAPTURE_AUTORELEASING = YES;
				CLANG_WARN_BOOL_CONVERSION = YES;
				CLANG_WARN_COMMA = YES;
				CLANG_WARN_CONSTANT_CONVERSION = YES;
				CLANG_WARN_DEPRECATED_OBJC_IMPLEMENTATIONS = YES;
				CLANG_WARN_DIRECT_OBJC_ISA_USAGE = YES_ERROR;
				CLANG_WARN_DOCUMENTATION_COMMENTS = YES;
				CLANG_WARN_EMPTY_BODY = YES;
				CLANG_WARN_ENUM_CONVERSION = YES;
				CLANG_WARN_INFINITE_RECURSION = YES;
				CLANG_WARN_INT_CONVERSION = YES;
				CLANG_WARN_NON_LITERAL_NULL_CONVERSION = YES;
				CLANG_WARN_OBJC_IMPLICIT_RETAIN_SELF = YES;
				CLANG_WARN_OBJC_LITERAL_CONVERSION = YES;
				CLANG_WARN_OBJC_ROOT_CLASS = YES_ERROR;
				CLANG_WARN_RANGE_LOOP_ANALYSIS = YES;
				CLANG_WARN_STRICT_PROTOTYPES = YES;
				CLANG_WARN_SUSPICIOUS_MOVE = YES;
				CLANG_WARN_UNGUARDED_AVAILABILITY = YES_AGGRESSIVE;
				CLANG_WARN_UNREACHABLE_CODE = YES;
				CLANG_WARN__DUPLICATE_METHOD_MATCH = YES;
				COPY_PHASE_STRIP = NO;
				DEBUG_INFORMATION_FORMAT = "dwarf-with-dsym";
				ENABLE_NS_ASSERTIONS = NO;
				ENABLE_STRICT_OBJC_MSGSEND = YES;
				GCC_C_LANGUAGE_STANDARD = gnu11;
				GCC_NO_COMMON_BLOCKS = YES;
				GCC_WARN_64_TO_32_BIT_CONVERSION = YES;
				GCC_WARN_ABOUT_RETURN_TYPE = YES_ERROR;
				GCC_WARN_UNDECLARED_SELECTOR = YES;
				GCC_WARN_UNINITIALIZED_AUTOS = YES_AGGRESSIVE;
				GCC_WARN_UNUSED_FUNCTION = YES;
				GCC_WARN_UNUSED_VARIABLE = YES;
				IPHONEOS_DEPLOYMENT_TARGET = 13.1;
				MTL_ENABLE_DEBUG_INFO = NO;
				MTL_FAST_MATH = YES;
				SDKROOT = iphoneos;
				SWIFT_COMPILATION_MODE = wholemodule;
				SWIFT_OPTIMIZATION_LEVEL = "-O";
				VALIDATE_PRODUCT = YES;
			};
			name = Release;
		};
		2735BAED237D96E700EFA304 /* Debug */ = {
			isa = XCBuildConfiguration;
			baseConfigurationReference = 93F656FEDD1F3138C5D70BF7 /* Pods-FSQ-iOS.debug.xcconfig */;
			buildSettings = {
				ASSETCATALOG_COMPILER_APPICON_NAME = AppIcon;
				CODE_SIGN_STYLE = Automatic;
				DEVELOPMENT_TEAM = Q5ZTRMHC85;
				INFOPLIST_FILE = "FSQ-iOS/Info.plist";
				LD_RUNPATH_SEARCH_PATHS = (
					"$(inherited)",
					"@executable_path/Frameworks",
				);
				PRODUCT_BUNDLE_IDENTIFIER = "com.kyleawiltshire.fsq.FSQ-iOS";
				PRODUCT_NAME = "$(TARGET_NAME)";
				SWIFT_VERSION = 5.0;
				TARGETED_DEVICE_FAMILY = "1,2";
			};
			name = Debug;
		};
		2735BAEE237D96E700EFA304 /* Release */ = {
			isa = XCBuildConfiguration;
			baseConfigurationReference = 2A3D129B2608E0D3E99584C5 /* Pods-FSQ-iOS.release.xcconfig */;
			buildSettings = {
				ASSETCATALOG_COMPILER_APPICON_NAME = AppIcon;
				CODE_SIGN_STYLE = Automatic;
				DEVELOPMENT_TEAM = Q5ZTRMHC85;
				INFOPLIST_FILE = "FSQ-iOS/Info.plist";
				LD_RUNPATH_SEARCH_PATHS = (
					"$(inherited)",
					"@executable_path/Frameworks",
				);
				PRODUCT_BUNDLE_IDENTIFIER = "com.kyleawiltshire.fsq.FSQ-iOS";
				PRODUCT_NAME = "$(TARGET_NAME)";
				SWIFT_VERSION = 5.0;
				TARGETED_DEVICE_FAMILY = "1,2";
			};
			name = Release;
		};
/* End XCBuildConfiguration section */

/* Begin XCConfigurationList section */
		2735BAD3237D96E000EFA304 /* Build configuration list for PBXProject "FSQ-iOS" */ = {
			isa = XCConfigurationList;
			buildConfigurations = (
				2735BAEA237D96E700EFA304 /* Debug */,
				2735BAEB237D96E700EFA304 /* Release */,
			);
			defaultConfigurationIsVisible = 0;
			defaultConfigurationName = Release;
		};
		2735BAEC237D96E700EFA304 /* Build configuration list for PBXNativeTarget "FSQ-iOS" */ = {
			isa = XCConfigurationList;
			buildConfigurations = (
				2735BAED237D96E700EFA304 /* Debug */,
				2735BAEE237D96E700EFA304 /* Release */,
			);
			defaultConfigurationIsVisible = 0;
			defaultConfigurationName = Release;
		};
/* End XCConfigurationList section */
	};
	rootObject = 2735BAD0237D96E000EFA304 /* Project object */;
}
